
Microsoft Visual Studio Solution File, Format Version 12.00
# Visual Studio Version 17
VisualStudioVersion = 17.3.32901.215
MinimumVisualStudioVersion = 10.0.40219.1
Project("{FAE04EC0-301F-11D3-BF4B-00C04F79EFBC}") = "итоговая_резня", "итоговая_резня\итоговая_резня.csproj", "{879A1914-C294-480A-B9BD-178AC833D19E}"
EndProject
Global
	GlobalSection(SolutionConfigurationPlatforms) = preSolution
		Debug|Any CPU = Debug|Any CPU
		Release|Any CPU = Release|Any CPU
	EndGlobalSection
	GlobalSection(ProjectConfigurationPlatforms) = postSolution
		{879A1914-C294-480A-B9BD-178AC833D19E}.Debug|Any CPU.ActiveCfg = Debug|Any CPU
		{879A1914-C294-480A-B9BD-178AC833D19E}.Debug|Any CPU.Build.0 = Debug|Any CPU
		{879A1914-C294-480A-B9BD-178AC833D19E}.Release|Any CPU.ActiveCfg = Release|Any CPU
		{879A1914-C294-480A-B9BD-178AC833D19E}.Release|Any CPU.Build.0 = Release|Any CPU
	EndGlobalSection
	GlobalSection(SolutionProperties) = preSolution
		HideSolutionNode = FALSE
	EndGlobalSection
	GlobalSection(ExtensibilityGlobals) = postSolution
		SolutionGuid = {9DD745B5-A23A-4D58-8CB5-3912F0E07DEF}
	EndGlobalSection
EndGlobal
